
Microsoft Visual Studio Solution File, Format Version 12.00
# Visual Studio Version 17
VisualStudioVersion = 17.9.34616.47
MinimumVisualStudioVersion = 10.0.40219.1
Project("{9A19103F-16F7-4668-BE54-9A1E7A4F7556}") = "PowerUp.Tests", "src\PowerUp.Tests\PowerUp.Tests.csproj", "{92CD09FB-F50B-45EE-9DA1-2C62B468590B}"
EndProject
Project("{9A19103F-16F7-4668-BE54-9A1E7A4F7556}") = "PowerUp", "src\PowerUp\PowerUp.csproj", "{28C4B75A-8613-455F-ABC7-E005A4E0E24D}"
EndProject
Global
	GlobalSection(SolutionConfigurationPlatforms) = preSolution
		Debug|Any CPU = Debug|Any CPU
		Release|Any CPU = Release|Any CPU
	EndGlobalSection
	GlobalSection(ProjectConfigurationPlatforms) = postSolution
		{92CD09FB-F50B-45EE-9DA1-2C62B468590B}.Debug|Any CPU.ActiveCfg = Debug|Any CPU
		{92CD09FB-F50B-45EE-9DA1-2C62B468590B}.Debug|Any CPU.Build.0 = Debug|Any CPU
		{92CD09FB-F50B-45EE-9DA1-2C62B468590B}.Release|Any CPU.ActiveCfg = Release|Any CPU
		{92CD09FB-F50B-45EE-9DA1-2C62B468590B}.Release|Any CPU.Build.0 = Release|Any CPU
		{28C4B75A-8613-455F-ABC7-E005A4E0E24D}.Debug|Any CPU.ActiveCfg = Debug|Any CPU
		{28C4B75A-8613-455F-ABC7-E005A4E0E24D}.Debug|Any CPU.Build.0 = Debug|Any CPU
		{28C4B75A-8613-455F-ABC7-E005A4E0E24D}.Release|Any CPU.ActiveCfg = Release|Any CPU
		{28C4B75A-8613-455F-ABC7-E005A4E0E24D}.Release|Any CPU.Build.0 = Release|Any CPU
	EndGlobalSection
	GlobalSection(SolutionProperties) = preSolution
		HideSolutionNode = FALSE
	EndGlobalSection
	GlobalSection(ExtensibilityGlobals) = postSolution
		SolutionGuid = {7F591BD5-D10A-4D92-9C8D-F47ADDCEA28E}
	EndGlobalSection
EndGlobal
